
Microsoft Visual Studio Solution File, Format Version 12.00
# Visual Studio Version 17
VisualStudioVersion = 17.7.34018.315
MinimumVisualStudioVersion = 10.0.40219.1
Project("{FAE04EC0-301F-11D3-BF4B-00C04F79EFBC}") = "Uppgift 6.3 metoder", "Uppgift 6.3 metoder\Uppgift 6.3 metoder.csproj", "{3C2FE4E7-42B5-48CA-9631-E554B6C8343B}"
EndProject
Global
	GlobalSection(SolutionConfigurationPlatforms) = preSolution
		Debug|Any CPU = Debug|Any CPU
		Release|Any CPU = Release|Any CPU
	EndGlobalSection
	GlobalSection(ProjectConfigurationPlatforms) = postSolution
		{3C2FE4E7-42B5-48CA-9631-E554B6C8343B}.Debug|Any CPU.ActiveCfg = Debug|Any CPU
		{3C2FE4E7-42B5-48CA-9631-E554B6C8343B}.Debug|Any CPU.Build.0 = Debug|Any CPU
		{3C2FE4E7-42B5-48CA-9631-E554B6C8343B}.Release|Any CPU.ActiveCfg = Release|Any CPU
		{3C2FE4E7-42B5-48CA-9631-E554B6C8343B}.Release|Any CPU.Build.0 = Release|Any CPU
	EndGlobalSection
	GlobalSection(SolutionProperties) = preSolution
		HideSolutionNode = FALSE
	EndGlobalSection
	GlobalSection(ExtensibilityGlobals) = postSolution
		SolutionGuid = {7D08201B-8450-4867-8FB0-8A5772F9554C}
	EndGlobalSection
EndGlobal
